
Microsoft Visual Studio Solution File, Format Version 12.00
# Visual Studio Version 16
VisualStudioVersion = 16.0.31229.75
MinimumVisualStudioVersion = 10.0.40219.1
Project("{FAE04EC0-301F-11D3-BF4B-00C04F79EFBC}") = "Lab12.Android", "Lab12\Lab12.Android\Lab12.Android.csproj", "{28B6D31D-9100-43E8-83C0-CF58F2D7AB9E}"
EndProject
Project("{FAE04EC0-301F-11D3-BF4B-00C04F79EFBC}") = "Lab12.iOS", "Lab12\Lab12.iOS\Lab12.iOS.csproj", "{04AF2013-D1BA-4DDD-AC5E-B1015BDED300}"
EndProject
Project("{FAE04EC0-301F-11D3-BF4B-00C04F79EFBC}") = "Lab12", "Lab12\Lab12\Lab12.csproj", "{3840305A-570E-4BA6-A489-A002E1989DC3}"
EndProject
Global
	GlobalSection(SolutionConfigurationPlatforms) = preSolution
		Debug|Any CPU = Debug|Any CPU
		Debug|iPhone = Debug|iPhone
		Debug|iPhoneSimulator = Debug|iPhoneSimulator
		Release|Any CPU = Release|Any CPU
		Release|iPhone = Release|iPhone
		Release|iPhoneSimulator = Release|iPhoneSimulator
	EndGlobalSection
	GlobalSection(ProjectConfigurationPlatforms) = postSolution
		{28B6D31D-9100-43E8-83C0-CF58F2D7AB9E}.Debug|Any CPU.ActiveCfg = Debug|Any CPU
		{28B6D31D-9100-43E8-83C0-CF58F2D7AB9E}.Debug|Any CPU.Build.0 = Debug|Any CPU
		{28B6D31D-9100-43E8-83C0-CF58F2D7AB9E}.Debug|Any CPU.Deploy.0 = Debug|Any CPU
		{28B6D31D-9100-43E8-83C0-CF58F2D7AB9E}.Debug|iPhone.ActiveCfg = Debug|Any CPU
		{28B6D31D-9100-43E8-83C0-CF58F2D7AB9E}.Debug|iPhone.Build.0 = Debug|Any CPU
		{28B6D31D-9100-43E8-83C0-CF58F2D7AB9E}.Debug|iPhone.Deploy.0 = Debug|Any CPU
		{28B6D31D-9100-43E8-83C0-CF58F2D7AB9E}.Debug|iPhoneSimulator.ActiveCfg = Debug|Any CPU
		{28B6D31D-9100-43E8-83C0-CF58F2D7AB9E}.Debug|iPhoneSimulator.Build.0 = Debug|Any CPU
		{28B6D31D-9100-43E8-83C0-CF58F2D7AB9E}.Debug|iPhoneSimulator.Deploy.0 = Debug|Any CPU
		{28B6D31D-9100-43E8-83C0-CF58F2D7AB9E}.Release|Any CPU.ActiveCfg = Release|Any CPU
		{28B6D31D-9100-43E8-83C0-CF58F2D7AB9E}.Release|Any CPU.Build.0 = Release|Any CPU
		{28B6D31D-9100-43E8-83C0-CF58F2D7AB9E}.Release|Any CPU.Deploy.0 = Release|Any CPU
		{28B6D31D-9100-43E8-83C0-CF58F2D7AB9E}.Release|iPhone.ActiveCfg = Release|Any CPU
		{28B6D31D-9100-43E8-83C0-CF58F2D7AB9E}.Release|iPhone.Build.0 = Release|Any CPU
		{28B6D31D-9100-43E8-83C0-CF58F2D7AB9E}.Release|iPhone.Deploy.0 = Release|Any CPU
		{28B6D31D-9100-43E8-83C0-CF58F2D7AB9E}.Release|iPhoneSimulator.ActiveCfg = Release|Any CPU
		{28B6D31D-9100-43E8-83C0-CF58F2D7AB9E}.Release|iPhoneSimulator.Build.0 = Release|Any CPU
		{28B6D31D-9100-43E8-83C0-CF58F2D7AB9E}.Release|iPhoneSimulator.Deploy.0 = Release|Any CPU
		{04AF2013-D1BA-4DDD-AC5E-B1015BDED300}.Debug|Any CPU.ActiveCfg = Debug|iPhone
		{04AF2013-D1BA-4DDD-AC5E-B1015BDED300}.Debug|Any CPU.Build.0 = Debug|iPhone
		{04AF2013-D1BA-4DDD-AC5E-B1015BDED300}.Debug|Any CPU.Deploy.0 = Debug|iPhone
		{04AF2013-D1BA-4DDD-AC5E-B1015BDED300}.Debug|iPhone.ActiveCfg = Debug|iPhone
		{04AF2013-D1BA-4DDD-AC5E-B1015BDED300}.Debug|iPhone.Build.0 = Debug|iPhone
		{04AF2013-D1BA-4DDD-AC5E-B1015BDED300}.Debug|iPhone.Deploy.0 = Debug|iPhone
		{04AF2013-D1BA-4DDD-AC5E-B1015BDED300}.Debug|iPhoneSimulator.ActiveCfg = Debug|iPhoneSimulator
		{04AF2013-D1BA-4DDD-AC5E-B1015BDED300}.Debug|iPhoneSimulator.Build.0 = Debug|iPhoneSimulator
		{04AF2013-D1BA-4DDD-AC5E-B1015BDED300}.Debug|iPhoneSimulator.Deploy.0 = Debug|iPhoneSimulator
		{04AF2013-D1BA-4DDD-AC5E-B1015BDED300}.Release|Any CPU.ActiveCfg = Release|iPhoneSimulator
		{04AF2013-D1BA-4DDD-AC5E-B1015BDED300}.Release|Any CPU.Build.0 = Release|iPhoneSimulator
		{04AF2013-D1BA-4DDD-AC5E-B1015BDED300}.Release|Any CPU.Deploy.0 = Release|iPhoneSimulator
		{04AF2013-D1BA-4DDD-AC5E-B1015BDED300}.Release|iPhone.ActiveCfg = Release|iPhone
		{04AF2013-D1BA-4DDD-AC5E-B1015BDED300}.Release|iPhone.Build.0 = Release|iPhone
		{04AF2013-D1BA-4DDD-AC5E-B1015BDED300}.Release|iPhone.Deploy.0 = Release|iPhone
		{04AF2013-D1BA-4DDD-AC5E-B1015BDED300}.Release|iPhoneSimulator.ActiveCfg = Release|iPhoneSimulator
		{04AF2013-D1BA-4DDD-AC5E-B1015BDED300}.Release|iPhoneSimulator.Build.0 = Release|iPhoneSimulator
		{04AF2013-D1BA-4DDD-AC5E-B1015BDED300}.Release|iPhoneSimulator.Deploy.0 = Release|iPhoneSimulator
		{3840305A-570E-4BA6-A489-A002E1989DC3}.Debug|Any CPU.ActiveCfg = Debug|Any CPU
		{3840305A-570E-4BA6-A489-A002E1989DC3}.Debug|Any CPU.Build.0 = Debug|Any CPU
		{3840305A-570E-4BA6-A489-A002E1989DC3}.Debug|Any CPU.Deploy.0 = Debug|Any CPU
		{3840305A-570E-4BA6-A489-A002E1989DC3}.Debug|iPhone.ActiveCfg = Debug|Any CPU
		{3840305A-570E-4BA6-A489-A002E1989DC3}.Debug|iPhone.Build.0 = Debug|Any CPU
		{3840305A-570E-4BA6-A489-A002E1989DC3}.Debug|iPhone.Deploy.0 = Debug|Any CPU
		{3840305A-570E-4BA6-A489-A002E1989DC3}.Debug|iPhoneSimulator.ActiveCfg = Debug|Any CPU
		{3840305A-570E-4BA6-A489-A002E1989DC3}.Debug|iPhoneSimulator.Build.0 = Debug|Any CPU
		{3840305A-570E-4BA6-A489-A002E1989DC3}.Debug|iPhoneSimulator.Deploy.0 = Debug|Any CPU
		{3840305A-570E-4BA6-A489-A002E1989DC3}.Release|Any CPU.ActiveCfg = Release|Any CPU
		{3840305A-570E-4BA6-A489-A002E1989DC3}.Release|Any CPU.Build.0 = Release|Any CPU
		{3840305A-570E-4BA6-A489-A002E1989DC3}.Release|Any CPU.Deploy.0 = Release|Any CPU
		{3840305A-570E-4BA6-A489-A002E1989DC3}.Release|iPhone.ActiveCfg = Release|Any CPU
		{3840305A-570E-4BA6-A489-A002E1989DC3}.Release|iPhone.Build.0 = Release|Any CPU
		{3840305A-570E-4BA6-A489-A002E1989DC3}.Release|iPhone.Deploy.0 = Release|Any CPU
		{3840305A-570E-4BA6-A489-A002E1989DC3}.Release|iPhoneSimulator.ActiveCfg = Release|Any CPU
		{3840305A-570E-4BA6-A489-A002E1989DC3}.Release|iPhoneSimulator.Build.0 = Release|Any CPU
		{3840305A-570E-4BA6-A489-A002E1989DC3}.Release|iPhoneSimulator.Deploy.0 = Release|Any CPU
	EndGlobalSection
	GlobalSection(SolutionProperties) = preSolution
		HideSolutionNode = FALSE
	EndGlobalSection
	GlobalSection(ExtensibilityGlobals) = postSolution
		SolutionGuid = {D4882657-AEF6-4BFA-8AA3-A74653EF655B}
	EndGlobalSection
EndGlobal
